// !$*UTF8*$!
{
	archiveVersion = 1;
	classes = {
	};
	objectVersion = 46;
	objects = {

/* Begin PBXBuildFile section */
		3403FF591D7B712800C90228 /* AppDelegate.swift in Sources */ = {isa = PBXBuildFile; fileRef = 3403FF581D7B712800C90228 /* AppDelegate.swift */; };
		3403FF5B1D7B712800C90228 /* ViewController.swift in Sources */ = {isa = PBXBuildFile; fileRef = 3403FF5A1D7B712800C90228 /* ViewController.swift */; };
		3403FF5E1D7B712800C90228 /* Main.storyboard in Resources */ = {isa = PBXBuildFile; fileRef = 3403FF5C1D7B712800C90228 /* Main.storyboard */; };
		3403FF601D7B712800C90228 /* Assets.xcassets in Resources */ = {isa = PBXBuildFile; fileRef = 3403FF5F1D7B712800C90228 /* Assets.xcassets */; };
		3403FF631D7B712800C90228 /* LaunchScreen.storyboard in Resources */ = {isa = PBXBuildFile; fileRef = 3403FF611D7B712800C90228 /* LaunchScreen.storyboard */; };
		3403FF6E1D7B712800C90228 /* SwiftQueueTests.swift in Sources */ = {isa = PBXBuildFile; fileRef = 3403FF6D1D7B712800C90228 /* SwiftQueueTests.swift */; };
		3403FF791D7B712800C90228 /* SwiftQueueUITests.swift in Sources */ = {isa = PBXBuildFile; fileRef = 3403FF781D7B712800C90228 /* SwiftQueueUITests.swift */; };
		3403FF871D7B715500C90228 /* queue.swift in Sources */ = {isa = PBXBuildFile; fileRef = 3403FF861D7B715500C90228 /* queue.swift */; };
/* End PBXBuildFile section */

/* Begin PBXContainerItemProxy section */
		3403FF6A1D7B712800C90228 /* PBXContainerItemProxy */ = {
			isa = PBXContainerItemProxy;
			containerPortal = 3403FF4D1D7B712800C90228 /* Project object */;
			proxyType = 1;
			remoteGlobalIDString = 3403FF541D7B712800C90228;
			remoteInfo = SwiftQueue;
		};
		3403FF751D7B712800C90228 /* PBXContainerItemProxy */ = {
			isa = PBXContainerItemProxy;
			containerPortal = 3403FF4D1D7B712800C90228 /* Project object */;
			proxyType = 1;
			remoteGlobalIDString = 3403FF541D7B712800C90228;
			remoteInfo = SwiftQueue;
		};
/* End PBXContainerItemProxy section */

/* Begin PBXFileReference section */
		3403FF551D7B712800C90228 /* SwiftQueue.app */ = {isa = PBXFileReference; explicitFileType = wrapper.application; includeInIndex = 0; path = SwiftQueue.app; sourceTree = BUILT_PRODUCTS_DIR; };
		3403FF581D7B712800C90228 /* AppDelegate.swift */ = {isa = PBXFileReference; lastKnownFileType = sourcecode.swift; path = AppDelegate.swift; sourceTree = "<group>"; };
		3403FF5A1D7B712800C90228 /* ViewController.swift */ = {isa = PBXFileReference; lastKnownFileType = sourcecode.swift; path = ViewController.swift; sourceTree = "<group>"; };
		3403FF5D1D7B712800C90228 /* Base */ = {isa = PBXFileReference; lastKnownFileType = file.storyboard; name = Base; path = Base.lproj/Main.storyboard; sourceTree = "<group>"; };
		3403FF5F1D7B712800C90228 /* Assets.xcassets */ = {isa = PBXFileReference; lastKnownFileType = folder.assetcatalog; path = Assets.xcassets; sourceTree = "<group>"; };
		3403FF621D7B712800C90228 /* Base */ = {isa = PBXFileReference; lastKnownFileType = file.storyboard; name = Base; path = Base.lproj/LaunchScreen.storyboard; sourceTree = "<group>"; };
		3403FF641D7B712800C90228 /* Info.plist */ = {isa = PBXFileReference; lastKnownFileType = text.plist.xml; path = Info.plist; sourceTree = "<group>"; };
		3403FF691D7B712800C90228 /* SwiftQueueTests.xctest */ = {isa = PBXFileReference; explicitFileType = wrapper.cfbundle; includeInIndex = 0; path = SwiftQueueTests.xctest; sourceTree = BUILT_PRODUCTS_DIR; };
		3403FF6D1D7B712800C90228 /* SwiftQueueTests.swift */ = {isa = PBXFileReference; lastKnownFileType = sourcecode.swift; path = SwiftQueueTests.swift; sourceTree = "<group>"; };
		3403FF6F1D7B712800C90228 /* Info.plist */ = {isa = PBXFileReference; lastKnownFileType = text.plist.xml; path = Info.plist; sourceTree = "<group>"; };
		3403FF741D7B712800C90228 /* SwiftQueueUITests.xctest */ = {isa = PBXFileReference; explicitFileType = wrapper.cfbundle; includeInIndex = 0; path = SwiftQueueUITests.xctest; sourceTree = BUILT_PRODUCTS_DIR; };
		3403FF781D7B712800C90228 /* SwiftQueueUITests.swift */ = {isa = PBXFileReference; lastKnownFileType = sourcecode.swift; path = SwiftQueueUITests.swift; sourceTree = "<group>"; };
		3403FF7A1D7B712800C90228 /* Info.plist */ = {isa = PBXFileReference; lastKnownFileType = text.plist.xml; path = Info.plist; sourceTree = "<group>"; };
		3403FF861D7B715500C90228 /* queue.swift */ = {isa = PBXFileReference; fileEncoding = 4; lastKnownFileType = sourcecode.swift; path = queue.swift; sourceTree = "<group>"; };
/* End PBXFileReference section */

/* Begin PBXFrameworksBuildPhase section */
		3403FF521D7B712800C90228 /* Frameworks */ = {
			isa = PBXFrameworksBuildPhase;
			buildActionMask = 2147483647;
			files = (
			);
			runOnlyForDeploymentPostprocessing = 0;
		};
		3403FF661D7B712800C90228 /* Frameworks */ = {
			isa = PBXFrameworksBuildPhase;
			buildActionMask = 2147483647;
			files = (
			);
			runOnlyForDeploymentPostprocessing = 0;
		};
		3403FF711D7B712800C90228 /* Frameworks */ = {
			isa = PBXFrameworksBuildPhase;
			buildActionMask = 2147483647;
			files = (
			);
			runOnlyForDeploymentPostprocessing = 0;
		};
/* End PBXFrameworksBuildPhase section */

/* Begin PBXGroup section */
		3403FF4C1D7B712800C90228 = {
			isa = PBXGroup;
			children = (
				3403FF571D7B712800C90228 /* SwiftQueue */,
				3403FF6C1D7B712800C90228 /* SwiftQueueTests */,
				3403FF771D7B712800C90228 /* SwiftQueueUITests */,
				3403FF561D7B712800C90228 /* Products */,
			);
			sourceTree = "<group>";
		};
		3403FF561D7B712800C90228 /* Products */ = {
			isa = PBXGroup;
			children = (
				3403FF551D7B712800C90228 /* SwiftQueue.app */,
				3403FF691D7B712800C90228 /* SwiftQueueTests.xctest */,
				3403FF741D7B712800C90228 /* SwiftQueueUITests.xctest */,
			);
			name = Products;
			sourceTree = "<group>";
		};
		3403FF571D7B712800C90228 /* SwiftQueue */ = {
			isa = PBXGroup;
			children = (
				3403FF581D7B712800C90228 /* AppDelegate.swift */,
				3403FF5A1D7B712800C90228 /* ViewController.swift */,
				3403FF861D7B715500C90228 /* queue.swift */,
				3403FF5C1D7B712800C90228 /* Main.storyboard */,
				3403FF5F1D7B712800C90228 /* Assets.xcassets */,
				3403FF611D7B712800C90228 /* LaunchScreen.storyboard */,
				3403FF641D7B712800C90228 /* Info.plist */,
			);
			path = SwiftQueue;
			sourceTree = "<group>";
		};
		3403FF6C1D7B712800C90228 /* SwiftQueueTests */ = {
			isa = PBXGroup;
			children = (
				3403FF6D1D7B712800C90228 /* SwiftQueueTests.swift */,
				3403FF6F1D7B712800C90228 /* Info.plist */,
			);
			path = SwiftQueueTests;
			sourceTree = "<group>";
		};
		3403FF771D7B712800C90228 /* SwiftQueueUITests */ = {
			isa = PBXGroup;
			children = (
				3403FF781D7B712800C90228 /* SwiftQueueUITests.swift */,
				3403FF7A1D7B712800C90228 /* Info.plist */,
			);
			path = SwiftQueueUITests;
			sourceTree = "<group>";
		};
/* End PBXGroup section */

/* Begin PBXNativeTarget section */
		3403FF541D7B712800C90228 /* SwiftQueue */ = {
			isa = PBXNativeTarget;
			buildConfigurationList = 3403FF7D1D7B712800C90228 /* Build configuration list for PBXNativeTarget "SwiftQueue" */;
			buildPhases = (
				3403FF511D7B712800C90228 /* Sources */,
				3403FF521D7B712800C90228 /* Frameworks */,
				3403FF531D7B712800C90228 /* Resources */,
			);
			buildRules = (
			);
			dependencies = (
			);
			name = SwiftQueue;
			productName = SwiftQueue;
			productReference = 3403FF551D7B712800C90228 /* SwiftQueue.app */;
			productType = "com.apple.product-type.application";
		};
		3403FF681D7B712800C90228 /* SwiftQueueTests */ = {
			isa = PBXNativeTarget;
			buildConfigurationList = 3403FF801D7B712800C90228 /* Build configuration list for PBXNativeTarget "SwiftQueueTests" */;
			buildPhases = (
				3403FF651D7B712800C90228 /* Sources */,
				3403FF661D7B712800C90228 /* Frameworks */,
				3403FF671D7B712800C90228 /* Resources */,
			);
			buildRules = (
			);
			dependencies = (
				3403FF6B1D7B712800C90228 /* PBXTargetDependency */,
			);
			name = SwiftQueueTests;
			productName = SwiftQueueTests;
			productReference = 3403FF691D7B712800C90228 /* SwiftQueueTests.xctest */;
			productType = "com.apple.product-type.bundle.unit-test";
		};
		3403FF731D7B712800C90228 /* SwiftQueueUITests */ = {
			isa = PBXNativeTarget;
			buildConfigurationList = 3403FF831D7B712800C90228 /* Build configuration list for PBXNativeTarget "SwiftQueueUITests" */;
			buildPhases = (
				3403FF701D7B712800C90228 /* Sources */,
				3403FF711D7B712800C90228 /* Frameworks */,
				3403FF721D7B712800C90228 /* Resources */,
			);
			buildRules = (
			);
			dependencies = (
				3403FF761D7B712800C90228 /* PBXTargetDependency */,
			);
			name = SwiftQueueUITests;
			productName = SwiftQueueUITests;
			productReference = 3403FF741D7B712800C90228 /* SwiftQueueUITests.xctest */;
			productType = "com.apple.product-type.bundle.ui-testing";
		};
/* End PBXNativeTarget section */

/* Begin PBXProject section */
		3403FF4D1D7B712800C90228 /* Project object */ = {
			isa = PBXProject;
			attributes = {
				LastSwiftUpdateCheck = 0730;
				LastUpgradeCheck = 0730;
				ORGANIZATIONNAME = "Kevin Zhang";
				TargetAttributes = {
					3403FF541D7B712800C90228 = {
						CreatedOnToolsVersion = 7.3.1;
					};
					3403FF681D7B712800C90228 = {
						CreatedOnToolsVersion = 7.3.1;
						TestTargetID = 3403FF541D7B712800C90228;
					};
					3403FF731D7B712800C90228 = {
						CreatedOnToolsVersion = 7.3.1;
						TestTargetID = 3403FF541D7B712800C90228;
					};
				};
			};
			buildConfigurationList = 3403FF501D7B712800C90228 /* Build configuration list for PBXProject "SwiftQueue" */;
			compatibilityVersion = "Xcode 3.2";
			developmentRegion = English;
			hasScannedForEncodings = 0;
			knownRegions = (
				en,
				Base,
			);
			mainGroup = 3403FF4C1D7B712800C90228;
			productRefGroup = 3403FF561D7B712800C90228 /* Products */;
			projectDirPath = "";
			projectRoot = "";
			targets = (
				3403FF541D7B712800C90228 /* SwiftQueue */,
				3403FF681D7B712800C90228 /* SwiftQueueTests */,
				3403FF731D7B712800C90228 /* SwiftQueueUITests */,
			);
		};
/* End PBXProject section */

/* Begin PBXResourcesBuildPhase section */
		3403FF531D7B712800C90228 /* Resources */ = {
			isa = PBXResourcesBuildPhase;
			buildActionMask = 2147483647;
			files = (
				3403FF631D7B712800C90228 /* LaunchScreen.storyboard in Resources */,
				3403FF601D7B712800C90228 /* Assets.xcassets in Resources */,
				3403FF5E1D7B712800C90228 /* Main.storyboard in Resources */,
			);
			runOnlyForDeploymentPostprocessing = 0;
		};
		3403FF671D7B712800C90228 /* Resources */ = {
			isa = PBXResourcesBuildPhase;
			buildActionMask = 2147483647;
			files = (
			);
			runOnlyForDeploymentPostprocessing = 0;
		};
		3403FF721D7B712800C90228 /* Resources */ = {
			isa = PBXResourcesBuildPhase;
			buildActionMask = 2147483647;
			files = (
			);
			runOnlyForDeploymentPostprocessing = 0;
		};
/* End PBXResourcesBuildPhase section */

/* Begin PBXSourcesBuildPhase section */
		3403FF511D7B712800C90228 /* Sources */ = {
			isa = PBXSourcesBuildPhase;
			buildActionMask = 2147483647;
			files = (
				3403FF5B1D7B712800C90228 /* ViewController.swift in Sources */,
				3403FF591D7B712800C90228 /* AppDelegate.swift in Sources */,
				3403FF871D7B715500C90228 /* queue.swift in Sources */,
			);
			runOnlyForDeploymentPostprocessing = 0;
		};
		3403FF651D7B712800C90228 /* Sources */ = {
			isa = PBXSourcesBuildPhase;
			buildActionMask = 2147483647;
			files = (
				3403FF6E1D7B712800C90228 /* SwiftQueueTests.swift in Sources */,
			);
			runOnlyForDeploymentPostprocessing = 0;
		};
		3403FF701D7B712800C90228 /* Sources */ = {
			isa = PBXSourcesBuildPhase;
			buildActionMask = 2147483647;
			files = (
				3403FF791D7B712800C90228 /* SwiftQueueUITests.swift in Sources */,
			);
			runOnlyForDeploymentPostprocessing = 0;
		};
/* End PBXSourcesBuildPhase section */

/* Begin PBXTargetDependency section */
		3403FF6B1D7B712800C90228 /* PBXTargetDependency */ = {
			isa = PBXTargetDependency;
			target = 3403FF541D7B712800C90228 /* SwiftQueue */;
			targetProxy = 3403FF6A1D7B712800C90228 /* PBXContainerItemProxy */;
		};
		3403FF761D7B712800C90228 /* PBXTargetDependency */ = {
			isa = PBXTargetDependency;
			target = 3403FF541D7B712800C90228 /* SwiftQueue */;
			targetProxy = 3403FF751D7B712800C90228 /* PBXContainerItemProxy */;
		};
/* End PBXTargetDependency section */

/* Begin PBXVariantGroup section */
		3403FF5C1D7B712800C90228 /* Main.storyboard */ = {
			isa = PBXVariantGroup;
			children = (
				3403FF5D1D7B712800C90228 /* Base */,
			);
			name = Main.storyboard;
			sourceTree = "<group>";
		};
		3403FF611D7B712800C90228 /* LaunchScreen.storyboard */ = {
			isa = PBXVariantGroup;
			children = (
				3403FF621D7B712800C90228 /* Base */,
			);
			name = LaunchScreen.storyboard;
			sourceTree = "<group>";
		};
/* End PBXVariantGroup section */

/* Begin XCBuildConfiguration section */
		3403FF7B1D7B712800C90228 /* Debug */ = {
			isa = XCBuildConfiguration;
			buildSettings = {
				ALWAYS_SEARCH_USER_PATHS = NO;
				CLANG_ANALYZER_NONNULL = YES;
				CLANG_CXX_LANGUAGE_STANDARD = "gnu++0x";
				CLANG_CXX_LIBRARY = "libc++";
				CLANG_ENABLE_MODULES = YES;
				CLANG_ENABLE_OBJC_ARC = YES;
				CLANG_WARN_BOOL_CONVERSION = YES;
				CLANG_WARN_CONSTANT_CONVERSION = YES;
				CLANG_WARN_DIRECT_OBJC_ISA_USAGE = YES_ERROR;
				CLANG_WARN_EMPTY_BODY = YES;
				CLANG_WARN_ENUM_CONVERSION = YES;
				CLANG_WARN_INT_CONVERSION = YES;
				CLANG_WARN_OBJC_ROOT_CLASS = YES_ERROR;
				CLANG_WARN_UNREACHABLE_CODE = YES;
				CLANG_WARN__DUPLICATE_METHOD_MATCH = YES;
				"CODE_SIGN_IDENTITY[sdk=iphoneos*]" = "iPhone Developer";
				COPY_PHASE_STRIP = NO;
				DEBUG_INFORMATION_FORMAT = dwarf;
				ENABLE_STRICT_OBJC_MSGSEND = YES;
				ENABLE_TESTABILITY = YES;
				GCC_C_LANGUAGE_STANDARD = gnu99;
				GCC_DYNAMIC_NO_PIC = NO;
				GCC_NO_COMMON_BLOCKS = YES;
				GCC_OPTIMIZATION_LEVEL = 0;
				GCC_PREPROCESSOR_DEFINITIONS = (
					"DEBUG=1",
					"$(inherited)",
				);
				GCC_WARN_64_TO_32_BIT_CONVERSION = YES;
				GCC_WARN_ABOUT_RETURN_TYPE = YES_ERROR;
				GCC_WARN_UNDECLARED_SELECTOR = YES;
				GCC_WARN_UNINITIALIZED_AUTOS = YES_AGGRESSIVE;
				GCC_WARN_UNUSED_FUNCTION = YES;
				GCC_WARN_UNUSED_VARIABLE = YES;
				IPHONEOS_DEPLOYMENT_TARGET = 9.3;
				MTL_ENABLE_DEBUG_INFO = YES;
				ONLY_ACTIVE_ARCH = YES;
				SDKROOT = iphoneos;
				SWIFT_OPTIMIZATION_LEVEL = "-Onone";
				TARGETED_DEVICE_FAMILY = "1,2";
			};
			name = Debug;
		};
		3403FF7C1D7B712800C90228 /* Release */ = {
			isa = XCBuildConfiguration;
			buildSettings = {
				ALWAYS_SEARCH_USER_PATHS = NO;
				CLANG_ANALYZER_NONNULL = YES;
				CLANG_CXX_LANGUAGE_STANDARD = "gnu++0x";
				CLANG_CXX_LIBRARY = "libc++";
				CLANG_ENABLE_MODULES = YES;
				CLANG_ENABLE_OBJC_ARC = YES;
				CLANG_WARN_BOOL_CONVERSION = YES;
				CLANG_WARN_CONSTANT_CONVERSION = YES;
				CLANG_WARN_DIRECT_OBJC_ISA_USAGE = YES_ERROR;
				CLANG_WARN_EMPTY_BODY = YES;
				CLANG_WARN_ENUM_CONVERSION = YES;
				CLANG_WARN_INT_CONVERSION = YES;
				CLANG_WARN_OBJC_ROOT_CLASS = YES_ERROR;
				CLANG_WARN_UNREACHABLE_CODE = YES;
				CLANG_WARN__DUPLICATE_METHOD_MATCH = YES;
				"CODE_SIGN_IDENTITY[sdk=iphoneos*]" = "iPhone Developer";
				COPY_PHASE_STRIP = NO;
				DEBUG_INFORMATION_FORMAT = "dwarf-with-dsym";
				ENABLE_NS_ASSERTIONS = NO;
				ENABLE_STRICT_OBJC_MSGSEND = YES;
				GCC_C_LANGUAGE_STANDARD = gnu99;
				GCC_NO_COMMON_BLOCKS = YES;
				GCC_WARN_64_TO_32_BIT_CONVERSION = YES;
				GCC_WARN_ABOUT_RETURN_TYPE = YES_ERROR;
				GCC_WARN_UNDECLARED_SELECTOR = YES;
				GCC_WARN_UNINITIALIZED_AUTOS = YES_AGGRESSIVE;
				GCC_WARN_UNUSED_FUNCTION = YES;
				GCC_WARN_UNUSED_VARIABLE = YES;
				IPHONEOS_DEPLOYMENT_TARGET = 9.3;
				MTL_ENABLE_DEBUG_INFO = NO;
				SDKROOT = iphoneos;
				TARGETED_DEVICE_FAMILY = "1,2";
				VALIDATE_PRODUCT = YES;
			};
			name = Release;
		};
		3403FF7E1D7B712800C90228 /* Debug */ = {
			isa = XCBuildConfiguration;
			buildSettings = {
				ASSETCATALOG_COMPILER_APPICON_NAME = AppIcon;
				INFOPLIST_FILE = SwiftQueue/Info.plist;
				LD_RUNPATH_SEARCH_PATHS = "$(inherited) @executable_path/Frameworks";
				PRODUCT_BUNDLE_IDENTIFIER = abc.SwiftQueue;
				PRODUCT_NAME = "$(TARGET_NAME)";
			};
			name = Debug;
		};
		3403FF7F1D7B712800C90228 /* Release */ = {
			isa = XCBuildConfiguration;
			buildSettings = {
				ASSETCATALOG_COMPILER_APPICON_NAME = AppIcon;
				INFOPLIST_FILE = SwiftQueue/Info.plist;
				LD_RUNPATH_SEARCH_PATHS = "$(inherited) @executable_path/Frameworks";
				PRODUCT_BUNDLE_IDENTIFIER = abc.SwiftQueue;
				PRODUCT_NAME = "$(TARGET_NAME)";
			};
			name = Release;
		};
		3403FF811D7B712800C90228 /* Debug */ = {
			isa = XCBuildConfiguration;
			buildSettings = {
				BUNDLE_LOADER = "$(TEST_HOST)";
				INFOPLIST_FILE = SwiftQueueTests/Info.plist;
				LD_RUNPATH_SEARCH_PATHS = "$(inherited) @executable_path/Frameworks @loader_path/Frameworks";
				PRODUCT_BUNDLE_IDENTIFIER = abc.SwiftQueueTests;
				PRODUCT_NAME = "$(TARGET_NAME)";
				TEST_HOST = "$(BUILT_PRODUCTS_DIR)/SwiftQueue.app/SwiftQueue";
			};
			name = Debug;
		};
		3403FF821D7B712800C90228 /* Release */ = {
			isa = XCBuildConfiguration;
			buildSettings = {
				BUNDLE_LOADER = "$(TEST_HOST)";
				INFOPLIST_FILE = SwiftQueueTests/Info.plist;
				LD_RUNPATH_SEARCH_PATHS = "$(inherited) @executable_path/Frameworks @loader_path/Frameworks";
				PRODUCT_BUNDLE_IDENTIFIER = abc.SwiftQueueTests;
				PRODUCT_NAME = "$(TARGET_NAME)";
				TEST_HOST = "$(BUILT_PRODUCTS_DIR)/SwiftQueue.app/SwiftQueue";
			};
			name = Release;
		};
		3403FF841D7B712800C90228 /* Debug */ = {
			isa = XCBuildConfiguration;
			buildSettings = {
				INFOPLIST_FILE = SwiftQueueUITests/Info.plist;
				LD_RUNPATH_SEARCH_PATHS = "$(inherited) @executable_path/Frameworks @loader_path/Frameworks";
				PRODUCT_BUNDLE_IDENTIFIER = abc.SwiftQueueUITests;
				PRODUCT_NAME = "$(TARGET_NAME)";
				TEST_TARGET_NAME = SwiftQueue;
			};
			name = Debug;
		};
		3403FF851D7B712800C90228 /* Release */ = {
			isa = XCBuildConfiguration;
			buildSettings = {
				INFOPLIST_FILE = SwiftQueueUITests/Info.plist;
				LD_RUNPATH_SEARCH_PATHS = "$(inherited) @executable_path/Frameworks @loader_path/Frameworks";
				PRODUCT_BUNDLE_IDENTIFIER = abc.SwiftQueueUITests;
				PRODUCT_NAME = "$(TARGET_NAME)";
				TEST_TARGET_NAME = SwiftQueue;
			};
			name = Release;
		};
/* End XCBuildConfiguration section */

/* Begin XCConfigurationList section */
		3403FF501D7B712800C90228 /* Build configuration list for PBXProject "SwiftQueue" */ = {
			isa = XCConfigurationList;
			buildConfigurations = (
				3403FF7B1D7B712800C90228 /* Debug */,
				3403FF7C1D7B712800C90228 /* Release */,
			);
			defaultConfigurationIsVisible = 0;
			defaultConfigurationName = Release;
		};
		3403FF7D1D7B712800C90228 /* Build configuration list for PBXNativeTarget "SwiftQueue" */ = {
			isa = XCConfigurationList;
			buildConfigurations = (
				3403FF7E1D7B712800C90228 /* Debug */,
				3403FF7F1D7B712800C90228 /* Release */,
			);
			defaultConfigurationIsVisible = 0;
		};
		3403FF801D7B712800C90228 /* Build configuration list for PBXNativeTarget "SwiftQueueTests" */ = {
			isa = XCConfigurationList;
			buildConfigurations = (
				3403FF811D7B712800C90228 /* Debug */,
				3403FF821D7B712800C90228 /* Release */,
			);
			defaultConfigurationIsVisible = 0;
		};
		3403FF831D7B712800C90228 /* Build configuration list for PBXNativeTarget "SwiftQueueUITests" */ = {
			isa = XCConfigurationList;
			buildConfigurations = (
				3403FF841D7B712800C90228 /* Debug */,
				3403FF851D7B712800C90228 /* Release */,
			);
			defaultConfigurationIsVisible = 0;
		};
/* End XCConfigurationList section */
	};
	rootObject = 3403FF4D1D7B712800C90228 /* Project object */;
}
